
Microsoft Visual Studio Solution File, Format Version 12.00
# Visual Studio Version 16
VisualStudioVersion = 16.0.810.22
MinimumVisualStudioVersion = 10.0.40219.1
Project("{FAE04EC0-301F-11D3-BF4B-00C04F79EFBC}") = "Tuta_HW", "Tuta_HW\Tuta_HW.csproj", "{8A0105B7-C574-4BA2-869A-0BBE311828F6}"
EndProject
Global
	GlobalSection(SolutionConfigurationPlatforms) = preSolution
		Debug|Any CPU = Debug|Any CPU
		Release|Any CPU = Release|Any CPU
	EndGlobalSection
	GlobalSection(ProjectConfigurationPlatforms) = postSolution
		{8A0105B7-C574-4BA2-869A-0BBE311828F6}.Debug|Any CPU.ActiveCfg = Debug|Any CPU
		{8A0105B7-C574-4BA2-869A-0BBE311828F6}.Debug|Any CPU.Build.0 = Debug|Any CPU
		{8A0105B7-C574-4BA2-869A-0BBE311828F6}.Release|Any CPU.ActiveCfg = Release|Any CPU
		{8A0105B7-C574-4BA2-869A-0BBE311828F6}.Release|Any CPU.Build.0 = Release|Any CPU
	EndGlobalSection
	GlobalSection(SolutionProperties) = preSolution
		HideSolutionNode = FALSE
	EndGlobalSection
	GlobalSection(ExtensibilityGlobals) = postSolution
		SolutionGuid = {21A21FF2-C1DC-47BD-B59F-68F69CA9319E}
	EndGlobalSection
EndGlobal
